
Microsoft Visual Studio Solution File, Format Version 12.00
# Visual Studio 15
Project("{FAE04EC0-301F-11D3-BF4B-00C04F79EFBC}") = "UnityEngine.TestRunner", "UnityEngine.TestRunner.csproj", "{EF1F6C28-AAE2-35CB-956C-F5EEC50BF68F}"
EndProject
Project("{FAE04EC0-301F-11D3-BF4B-00C04F79EFBC}") = "UnityEngine.UI", "UnityEngine.UI.csproj", "{A45A22F6-D4D2-28F2-F0FF-36023A59923F}"
EndProject
Project("{FAE04EC0-301F-11D3-BF4B-00C04F79EFBC}") = "Unity.VisualScripting.Flow", "Unity.VisualScripting.Flow.csproj", "{FA2EB028-F0C9-FBD8-F8B4-23B97D387294}"
EndProject
Project("{FAE04EC0-301F-11D3-BF4B-00C04F79EFBC}") = "Unity.Mathematics", "Unity.Mathematics.csproj", "{37AAA79E-3E55-55B0-3D08-DB15300217D1}"
EndProject
Project("{FAE04EC0-301F-11D3-BF4B-00C04F79EFBC}") = "Unity.Services.Core.Telemetry", "Unity.Services.Core.Telemetry.csproj", "{AEBDC274-449E-9A01-5AD0-2EFEA5791DB5}"
EndProject
Project("{FAE04EC0-301F-11D3-BF4B-00C04F79EFBC}") = "Unity.VisualScripting.State", "Unity.VisualScripting.State.csproj", "{1476BB65-158F-D02D-D90E-BFABD2BEA2D6}"
EndProject
Project("{FAE04EC0-301F-11D3-BF4B-00C04F79EFBC}") = "Unity.VisualScripting.Core", "Unity.VisualScripting.Core.csproj", "{883FFEDC-F6EC-F389-121F-D256DCFE7937}"
EndProject
Project("{FAE04EC0-301F-11D3-BF4B-00C04F79EFBC}") = "Unity.Services.Core.Environments.Internal", "Unity.Services.Core.Environments.Internal.csproj", "{3AB0F255-95C0-B9EE-275B-F9A490E1DC10}"
EndProject
Project("{FAE04EC0-301F-11D3-BF4B-00C04F79EFBC}") = "Unity.Burst", "Unity.Burst.csproj", "{949450AB-BC08-50CE-2854-B3FD255E6784}"
EndProject
Project("{FAE04EC0-301F-11D3-BF4B-00C04F79EFBC}") = "Unity.2D.Animation.Runtime", "Unity.2D.Animation.Runtime.csproj", "{1297B52E-B63E-E177-EA44-5EAD8A1C2769}"
EndProject
Project("{FAE04EC0-301F-11D3-BF4B-00C04F79EFBC}") = "Unity.TextMeshPro", "Unity.TextMeshPro.csproj", "{270904C3-21E3-746D-68C9-F77AD6127A6A}"
EndProject
Project("{FAE04EC0-301F-11D3-BF4B-00C04F79EFBC}") = "Unity.Timeline", "Unity.Timeline.csproj", "{17D17392-2353-88DB-9CAD-E5C805763165}"
EndProject
Project("{FAE04EC0-301F-11D3-BF4B-00C04F79EFBC}") = "Unity.Services.Core.Environments", "Unity.Services.Core.Environments.csproj", "{002EB950-9C08-47F7-F636-A79FACD8B139}"
EndProject
Project("{FAE04EC0-301F-11D3-BF4B-00C04F79EFBC}") = "Unity.Services.Core.Internal", "Unity.Services.Core.Internal.csproj", "{CDD3B91A-8A05-AF3D-F529-B603FB352255}"
EndProject
Project("{FAE04EC0-301F-11D3-BF4B-00C04F79EFBC}") = "Unity.Services.Core.Analytics", "Unity.Services.Core.Analytics.csproj", "{09F4193C-9C48-3CF4-11D4-139EA17734F4}"
EndProject
Project("{FAE04EC0-301F-11D3-BF4B-00C04F79EFBC}") = "Unity.2D.SpriteShape.Runtime", "Unity.2D.SpriteShape.Runtime.csproj", "{8869DE98-D62F-B24E-83A1-A5B1449EFEE8}"
EndProject
Project("{FAE04EC0-301F-11D3-BF4B-00C04F79EFBC}") = "Unity.Services.Core.Scheduler", "Unity.Services.Core.Scheduler.csproj", "{E2960CDF-42E5-CA99-5844-59E54BBA6B29}"
EndProject
Project("{FAE04EC0-301F-11D3-BF4B-00C04F79EFBC}") = "Unity.Services.Core.Registration", "Unity.Services.Core.Registration.csproj", "{35444A66-1EE7-967C-9099-E6610F6F8942}"
EndProject
Project("{FAE04EC0-301F-11D3-BF4B-00C04F79EFBC}") = "Unity.2D.PixelPerfect", "Unity.2D.PixelPerfect.csproj", "{7700983B-A2C6-C4A4-BE2F-8227BB200E95}"
EndProject
Project("{FAE04EC0-301F-11D3-BF4B-00C04F79EFBC}") = "Unity.2D.Common.Runtime", "Unity.2D.Common.Runtime.csproj", "{D5919802-FB89-88B7-11CF-03B0D622F4A7}"
EndProject
Project("{FAE04EC0-301F-11D3-BF4B-00C04F79EFBC}") = "Unity.2D.IK.Runtime", "Unity.2D.IK.Runtime.csproj", "{BB672DAC-8E36-8774-B705-35FBB463D602}"
EndProject
Project("{FAE04EC0-301F-11D3-BF4B-00C04F79EFBC}") = "Unity.Services.Core.Device", "Unity.Services.Core.Device.csproj", "{B7BBA7AE-85C8-E403-F047-9CEDE6182994}"
EndProject
Project("{FAE04EC0-301F-11D3-BF4B-00C04F79EFBC}") = "Unity.Services.Core.Threading", "Unity.Services.Core.Threading.csproj", "{1D05CAE0-C740-D2D2-123E-426C4F827AC8}"
EndProject
Project("{FAE04EC0-301F-11D3-BF4B-00C04F79EFBC}") = "Unity.2D.Tilemap.Extras", "Unity.2D.Tilemap.Extras.csproj", "{A6A862A9-E727-D308-0FE4-DDE92220FC9D}"
EndProject
Project("{FAE04EC0-301F-11D3-BF4B-00C04F79EFBC}") = "Unity.Services.Core.Networking", "Unity.Services.Core.Networking.csproj", "{5548160E-69E4-AC48-6941-B0CF5ED728A1}"
EndProject
Project("{FAE04EC0-301F-11D3-BF4B-00C04F79EFBC}") = "Unity.Services.Core", "Unity.Services.Core.csproj", "{E283BDF5-8963-C6EB-825C-B7CB4516D48E}"
EndProject
Project("{FAE04EC0-301F-11D3-BF4B-00C04F79EFBC}") = "Assembly-CSharp", "Assembly-CSharp.csproj", "{0CA598D1-5E3F-C7C2-F139-95BCDA534D6B}"
EndProject
Project("{FAE04EC0-301F-11D3-BF4B-00C04F79EFBC}") = "Unity.InternalAPIEngineBridge.001", "Unity.InternalAPIEngineBridge.001.csproj", "{9E4E11D8-EBD6-35E1-27F4-A6C99F8B876F}"
EndProject
Project("{FAE04EC0-301F-11D3-BF4B-00C04F79EFBC}") = "Unity.Services.Core.Configuration", "Unity.Services.Core.Configuration.csproj", "{942347E2-6889-A980-AD8B-90267D344B24}"
EndProject
Project("{FAE04EC0-301F-11D3-BF4B-00C04F79EFBC}") = "Unity.PlasticSCM.Editor", "Unity.PlasticSCM.Editor.csproj", "{18037BAF-C210-6404-3EA4-80A83DA277B5}"
EndProject
Project("{FAE04EC0-301F-11D3-BF4B-00C04F79EFBC}") = "Unity.VisualScripting.Core.Editor", "Unity.VisualScripting.Core.Editor.csproj", "{2744C83D-7924-B951-4D7A-62A66CA6CA16}"
EndProject
Project("{FAE04EC0-301F-11D3-BF4B-00C04F79EFBC}") = "Unity.VisualScripting.Flow.Editor", "Unity.VisualScripting.Flow.Editor.csproj", "{7918CBBF-BF6F-5666-CFCA-36B1CA9EC561}"
EndProject
Project("{FAE04EC0-301F-11D3-BF4B-00C04F79EFBC}") = "Unity.VisualStudio.Editor", "Unity.VisualStudio.Editor.csproj", "{BDBF33B2-DB9A-223C-ECC2-2E5926EE033D}"
EndProject
Project("{FAE04EC0-301F-11D3-BF4B-00C04F79EFBC}") = "Unity.Timeline.Editor", "Unity.Timeline.Editor.csproj", "{F2B95C4C-3197-2758-B03F-75A5672ACF43}"
EndProject
Project("{FAE04EC0-301F-11D3-BF4B-00C04F79EFBC}") = "Unity.VisualScripting.State.Editor", "Unity.VisualScripting.State.Editor.csproj", "{4472FF9F-1F85-9A6E-7EF4-5A77EC052EA0}"
EndProject
Project("{FAE04EC0-301F-11D3-BF4B-00C04F79EFBC}") = "Unity.TextMeshPro.Editor", "Unity.TextMeshPro.Editor.csproj", "{63171708-A404-0CCD-4A2A-E482586C5040}"
EndProject
Project("{FAE04EC0-301F-11D3-BF4B-00C04F79EFBC}") = "Unity.2D.Animation.Editor", "Unity.2D.Animation.Editor.csproj", "{C9D6147B-3BE3-01F9-418B-A49E732C4902}"
EndProject
Project("{FAE04EC0-301F-11D3-BF4B-00C04F79EFBC}") = "Unity.VisualScripting.SettingsProvider.Editor", "Unity.VisualScripting.SettingsProvider.Editor.csproj", "{406E0BBE-F378-E16D-E25E-54AD6DB686F3}"
EndProject
Project("{FAE04EC0-301F-11D3-BF4B-00C04F79EFBC}") = "Unity.CollabProxy.Editor", "Unity.CollabProxy.Editor.csproj", "{D9B9B01B-D0F5-2DEF-131B-86C9455E4C87}"
EndProject
Project("{FAE04EC0-301F-11D3-BF4B-00C04F79EFBC}") = "UnityEditor.TestRunner", "UnityEditor.TestRunner.csproj", "{70BAE3DA-1558-74D0-9EBE-CED5A64B9ACD}"
EndProject
Project("{FAE04EC0-301F-11D3-BF4B-00C04F79EFBC}") = "Unity.2D.Tilemap.Editor", "Unity.2D.Tilemap.Editor.csproj", "{AFA21DE3-76DA-BEC4-1F9A-08E21C085916}"
EndProject
Project("{FAE04EC0-301F-11D3-BF4B-00C04F79EFBC}") = "Unity.Services.Core.Editor", "Unity.Services.Core.Editor.csproj", "{C1302845-C588-04C4-D0A9-64951C4AEB81}"
EndProject
Project("{FAE04EC0-301F-11D3-BF4B-00C04F79EFBC}") = "Unity.Rider.Editor", "Unity.Rider.Editor.csproj", "{E70046A9-693D-339E-517D-198D45AC9F36}"
EndProject
Project("{FAE04EC0-301F-11D3-BF4B-00C04F79EFBC}") = "Unity.2D.Path.Editor", "Unity.2D.Path.Editor.csproj", "{A215ED76-F006-92C5-F8C1-5C190F2FA9B6}"
EndProject
Project("{FAE04EC0-301F-11D3-BF4B-00C04F79EFBC}") = "PsdPlugin", "PsdPlugin.csproj", "{5CD0ED19-697A-1E68-49FC-84DDB7598B5A}"
EndProject
Project("{FAE04EC0-301F-11D3-BF4B-00C04F79EFBC}") = "Unity.2D.IK.Editor", "Unity.2D.IK.Editor.csproj", "{561AE1B6-8D88-6F36-0C86-69B1537FD60B}"
EndProject
Project("{FAE04EC0-301F-11D3-BF4B-00C04F79EFBC}") = "Unity.2D.Psdimporter.Editor", "Unity.2D.Psdimporter.Editor.csproj", "{F0739D6E-4893-CF2A-5345-02A1BF1DCD20}"
EndProject
Project("{FAE04EC0-301F-11D3-BF4B-00C04F79EFBC}") = "Unity.2D.SpriteShape.Editor", "Unity.2D.SpriteShape.Editor.csproj", "{285EBDFA-346D-0952-FB1A-A60EA1240E4A}"
EndProject
Project("{FAE04EC0-301F-11D3-BF4B-00C04F79EFBC}") = "Unity.Burst.CodeGen", "Unity.Burst.CodeGen.csproj", "{677A4E45-0740-273B-4FF5-3AF9863AE297}"
EndProject
Project("{FAE04EC0-301F-11D3-BF4B-00C04F79EFBC}") = "Unity.2D.PixelPerfect.Editor", "Unity.2D.PixelPerfect.Editor.csproj", "{577034F2-41CE-23AB-BEC5-D41E90DB42DA}"
EndProject
Project("{FAE04EC0-301F-11D3-BF4B-00C04F79EFBC}") = "Unity.VSCode.Editor", "Unity.VSCode.Editor.csproj", "{A043C58B-7AB6-63B4-FF96-3908D9D9464E}"
EndProject
Project("{FAE04EC0-301F-11D3-BF4B-00C04F79EFBC}") = "Unity.2D.Sprite.Editor", "Unity.2D.Sprite.Editor.csproj", "{8CBF5465-3AE3-984C-CFE2-0A5A23B4C10A}"
EndProject
Project("{FAE04EC0-301F-11D3-BF4B-00C04F79EFBC}") = "UnityEditor.UI", "UnityEditor.UI.csproj", "{DB378862-F2B8-2AB4-446C-847E2FB2548F}"
EndProject
Project("{FAE04EC0-301F-11D3-BF4B-00C04F79EFBC}") = "Unity.2D.Common.Editor", "Unity.2D.Common.Editor.csproj", "{B0E0497A-6E02-32FD-4668-87097BC0D68F}"
EndProject
Project("{FAE04EC0-301F-11D3-BF4B-00C04F79EFBC}") = "Unity.Mathematics.Editor", "Unity.Mathematics.Editor.csproj", "{AEF2764F-3DDB-12EA-BB39-B34FBB26C836}"
EndProject
Project("{FAE04EC0-301F-11D3-BF4B-00C04F79EFBC}") = "Unity.Services.Core.Configuration.Editor", "Unity.Services.Core.Configuration.Editor.csproj", "{DD6D2741-5584-D976-E7F6-C33E97E3E460}"
EndProject
Project("{FAE04EC0-301F-11D3-BF4B-00C04F79EFBC}") = "Unity.2D.Tilemap.Extras.Editor", "Unity.2D.Tilemap.Extras.Editor.csproj", "{69F8045A-6F54-3093-8726-4D2751C540B9}"
EndProject
Project("{FAE04EC0-301F-11D3-BF4B-00C04F79EFBC}") = "Unity.Burst.Editor", "Unity.Burst.Editor.csproj", "{E1DB633A-1622-FBC5-898A-2227E58012B4}"
EndProject
Project("{FAE04EC0-301F-11D3-BF4B-00C04F79EFBC}") = "Unity.InternalAPIEditorBridge.001", "Unity.InternalAPIEditorBridge.001.csproj", "{69C17408-40FD-945A-2E0D-0C1EE69E081A}"
EndProject
Project("{FAE04EC0-301F-11D3-BF4B-00C04F79EFBC}") = "Unity.VisualScripting.Shared.Editor", "Unity.VisualScripting.Shared.Editor.csproj", "{4BCCAD2C-3BFF-4047-EEF8-A6AD73EA36BE}"
EndProject
Project("{FAE04EC0-301F-11D3-BF4B-00C04F79EFBC}") = "UnityEngine.TestRunner", "UnityEngine.TestRunner.Player.csproj", "{81AF7262-017C-A0B8-D56C-22AA2B2C782F}"
EndProject
Project("{FAE04EC0-301F-11D3-BF4B-00C04F79EFBC}") = "UnityEngine.UI", "UnityEngine.UI.Player.csproj", "{30488BE0-3855-9845-EEE1-78CA3C3F3C5E}"
EndProject
Project("{FAE04EC0-301F-11D3-BF4B-00C04F79EFBC}") = "Unity.VisualScripting.Flow", "Unity.VisualScripting.Flow.Player.csproj", "{56599C70-DD01-4CB0-2627-E8B709CB7F22}"
EndProject
Project("{FAE04EC0-301F-11D3-BF4B-00C04F79EFBC}") = "Unity.Mathematics", "Unity.Mathematics.Player.csproj", "{47E6566F-8971-CBCC-49A1-A0E718E27D4A}"
EndProject
Project("{FAE04EC0-301F-11D3-BF4B-00C04F79EFBC}") = "Unity.Services.Core.Telemetry", "Unity.Services.Core.Telemetry.Player.csproj", "{DA934771-2B9B-46E1-4ABD-4D8320B4D033}"
EndProject
Project("{FAE04EC0-301F-11D3-BF4B-00C04F79EFBC}") = "Unity.VisualScripting.State", "Unity.VisualScripting.State.Player.csproj", "{4461D3DC-879A-8164-2094-00D1BDB2EFD9}"
EndProject
Project("{FAE04EC0-301F-11D3-BF4B-00C04F79EFBC}") = "Unity.VisualScripting.Core", "Unity.VisualScripting.Core.Player.csproj", "{A9AF683D-2D5A-D89F-F119-AF0F2FFA2E0C}"
EndProject
Project("{FAE04EC0-301F-11D3-BF4B-00C04F79EFBC}") = "Unity.Services.Core.Environments.Internal", "Unity.Services.Core.Environments.Internal.Player.csproj", "{38C915F5-E1F6-9174-65DD-E0E887411364}"
EndProject
Project("{FAE04EC0-301F-11D3-BF4B-00C04F79EFBC}") = "Unity.Burst", "Unity.Burst.Player.csproj", "{746009DD-0358-757D-5E6D-5B4581C708D0}"
EndProject
Project("{FAE04EC0-301F-11D3-BF4B-00C04F79EFBC}") = "Unity.2D.Animation.Runtime", "Unity.2D.Animation.Runtime.Player.csproj", "{71680331-AB26-85F8-EB34-99F1E50DD295}"
EndProject
Project("{FAE04EC0-301F-11D3-BF4B-00C04F79EFBC}") = "Unity.TextMeshPro", "Unity.TextMeshPro.Player.csproj", "{AB95258D-0645-42EC-384D-CBF6C2BFB042}"
EndProject
Project("{FAE04EC0-301F-11D3-BF4B-00C04F79EFBC}") = "Unity.Timeline", "Unity.Timeline.Player.csproj", "{FD966E36-F64D-5C76-3590-4B21FADA952A}"
EndProject
Project("{FAE04EC0-301F-11D3-BF4B-00C04F79EFBC}") = "Unity.Services.Core.Environments", "Unity.Services.Core.Environments.Player.csproj", "{1ACB61C9-915B-F687-64D2-EB075FD8DA25}"
EndProject
Project("{FAE04EC0-301F-11D3-BF4B-00C04F79EFBC}") = "Unity.Services.Core.Internal", "Unity.Services.Core.Internal.Player.csproj", "{66AFE2D9-2F2B-9CDA-FF33-36963F5946FA}"
EndProject
Project("{FAE04EC0-301F-11D3-BF4B-00C04F79EFBC}") = "Unity.Services.Core.Analytics", "Unity.Services.Core.Analytics.Player.csproj", "{2BEFB4E6-272B-E3AF-D8C9-2D7F9C2ED599}"
EndProject
Project("{FAE04EC0-301F-11D3-BF4B-00C04F79EFBC}") = "Unity.2D.SpriteShape.Runtime", "Unity.2D.SpriteShape.Runtime.Player.csproj", "{7F7F3199-48BA-DC30-78CD-B7F05D87F070}"
EndProject
Project("{FAE04EC0-301F-11D3-BF4B-00C04F79EFBC}") = "Unity.Services.Core.Scheduler", "Unity.Services.Core.Scheduler.Player.csproj", "{6A42A9DF-034D-4AA3-AF84-215AB1463874}"
EndProject
Project("{FAE04EC0-301F-11D3-BF4B-00C04F79EFBC}") = "Unity.Services.Core.Registration", "Unity.Services.Core.Registration.Player.csproj", "{EE44AB93-EC24-EA87-AD0C-FD1204144332}"
EndProject
Project("{FAE04EC0-301F-11D3-BF4B-00C04F79EFBC}") = "Unity.2D.PixelPerfect", "Unity.2D.PixelPerfect.Player.csproj", "{A4AC9278-C78F-0350-90F3-DA4D3F47203E}"
EndProject
Project("{FAE04EC0-301F-11D3-BF4B-00C04F79EFBC}") = "Unity.2D.Common.Runtime", "Unity.2D.Common.Runtime.Player.csproj", "{3BCB626C-D5D4-FD26-7767-F60FC0D1220C}"
EndProject
Project("{FAE04EC0-301F-11D3-BF4B-00C04F79EFBC}") = "Unity.2D.IK.Runtime", "Unity.2D.IK.Runtime.Player.csproj", "{30F65DB0-F121-3ACB-4A7F-7DE369487F43}"
EndProject
Project("{FAE04EC0-301F-11D3-BF4B-00C04F79EFBC}") = "Unity.Services.Core.Device", "Unity.Services.Core.Device.Player.csproj", "{7BBA38EE-5B0C-033E-21D8-7519D4AF2DB2}"
EndProject
Project("{FAE04EC0-301F-11D3-BF4B-00C04F79EFBC}") = "Unity.Services.Core.Threading", "Unity.Services.Core.Threading.Player.csproj", "{EC847F23-A9ED-4BBC-5547-5C9DE02CB5C1}"
EndProject
Project("{FAE04EC0-301F-11D3-BF4B-00C04F79EFBC}") = "Unity.2D.Tilemap.Extras", "Unity.2D.Tilemap.Extras.Player.csproj", "{5D4D528E-01F9-5B13-E259-E6C597E01F48}"
EndProject
Project("{FAE04EC0-301F-11D3-BF4B-00C04F79EFBC}") = "Unity.Services.Core.Networking", "Unity.Services.Core.Networking.Player.csproj", "{EF70B993-819D-2E3D-1D88-84739C24D15F}"
EndProject
Project("{FAE04EC0-301F-11D3-BF4B-00C04F79EFBC}") = "Unity.Services.Core", "Unity.Services.Core.Player.csproj", "{423D70AA-6AE0-72B5-8DAF-B7598DCA86C2}"
EndProject
Project("{FAE04EC0-301F-11D3-BF4B-00C04F79EFBC}") = "Assembly-CSharp", "Assembly-CSharp.Player.csproj", "{7546C61F-C82F-9AB4-7676-C0A336493256}"
EndProject
Project("{FAE04EC0-301F-11D3-BF4B-00C04F79EFBC}") = "Unity.InternalAPIEngineBridge.001", "Unity.InternalAPIEngineBridge.001.Player.csproj", "{EB610301-6376-4B24-AE2E-E34ED5CA9E25}"
EndProject
Project("{FAE04EC0-301F-11D3-BF4B-00C04F79EFBC}") = "Unity.Services.Core.Configuration", "Unity.Services.Core.Configuration.Player.csproj", "{E6D868DA-8118-1207-37FB-FADB5660DBAD}"
EndProject
Global
	GlobalSection(SolutionConfigurationPlatforms) = preSolution
		Debug|Any CPU = Debug|Any CPU
		Release|Any CPU = Release|Any CPU
	EndGlobalSection
	GlobalSection(ProjectConfigurationPlatforms) = postSolution
		{EF1F6C28-AAE2-35CB-956C-F5EEC50BF68F}.Debug|Any CPU.ActiveCfg = Debug|Any CPU
		{EF1F6C28-AAE2-35CB-956C-F5EEC50BF68F}.Debug|Any CPU.Build.0 = Debug|Any CPU
		{EF1F6C28-AAE2-35CB-956C-F5EEC50BF68F}.Release|Any CPU.ActiveCfg = Release|Any CPU
		{EF1F6C28-AAE2-35CB-956C-F5EEC50BF68F}.Release|Any CPU.Build.0 = Release|Any CPU
		{A45A22F6-D4D2-28F2-F0FF-36023A59923F}.Debug|Any CPU.ActiveCfg = Debug|Any CPU
		{A45A22F6-D4D2-28F2-F0FF-36023A59923F}.Debug|Any CPU.Build.0 = Debug|Any CPU
		{A45A22F6-D4D2-28F2-F0FF-36023A59923F}.Release|Any CPU.ActiveCfg = Release|Any CPU
		{A45A22F6-D4D2-28F2-F0FF-36023A59923F}.Release|Any CPU.Build.0 = Release|Any CPU
		{FA2EB028-F0C9-FBD8-F8B4-23B97D387294}.Debug|Any CPU.ActiveCfg = Debug|Any CPU
		{FA2EB028-F0C9-FBD8-F8B4-23B97D387294}.Debug|Any CPU.Build.0 = Debug|Any CPU
		{FA2EB028-F0C9-FBD8-F8B4-23B97D387294}.Release|Any CPU.ActiveCfg = Release|Any CPU
		{FA2EB028-F0C9-FBD8-F8B4-23B97D387294}.Release|Any CPU.Build.0 = Release|Any CPU
		{37AAA79E-3E55-55B0-3D08-DB15300217D1}.Debug|Any CPU.ActiveCfg = Debug|Any CPU
		{37AAA79E-3E55-55B0-3D08-DB15300217D1}.Debug|Any CPU.Build.0 = Debug|Any CPU
		{37AAA79E-3E55-55B0-3D08-DB15300217D1}.Release|Any CPU.ActiveCfg = Release|Any CPU
		{37AAA79E-3E55-55B0-3D08-DB15300217D1}.Release|Any CPU.Build.0 = Release|Any CPU
		{AEBDC274-449E-9A01-5AD0-2EFEA5791DB5}.Debug|Any CPU.ActiveCfg = Debug|Any CPU
		{AEBDC274-449E-9A01-5AD0-2EFEA5791DB5}.Debug|Any CPU.Build.0 = Debug|Any CPU
		{AEBDC274-449E-9A01-5AD0-2EFEA5791DB5}.Release|Any CPU.ActiveCfg = Release|Any CPU
		{AEBDC274-449E-9A01-5AD0-2EFEA5791DB5}.Release|Any CPU.Build.0 = Release|Any CPU
		{1476BB65-158F-D02D-D90E-BFABD2BEA2D6}.Debug|Any CPU.ActiveCfg = Debug|Any CPU
		{1476BB65-158F-D02D-D90E-BFABD2BEA2D6}.Debug|Any CPU.Build.0 = Debug|Any CPU
		{1476BB65-158F-D02D-D90E-BFABD2BEA2D6}.Release|Any CPU.ActiveCfg = Release|Any CPU
		{1476BB65-158F-D02D-D90E-BFABD2BEA2D6}.Release|Any CPU.Build.0 = Release|Any CPU
		{883FFEDC-F6EC-F389-121F-D256DCFE7937}.Debug|Any CPU.ActiveCfg = Debug|Any CPU
		{883FFEDC-F6EC-F389-121F-D256DCFE7937}.Debug|Any CPU.Build.0 = Debug|Any CPU
		{883FFEDC-F6EC-F389-121F-D256DCFE7937}.Release|Any CPU.ActiveCfg = Release|Any CPU
		{883FFEDC-F6EC-F389-121F-D256DCFE7937}.Release|Any CPU.Build.0 = Release|Any CPU
		{3AB0F255-95C0-B9EE-275B-F9A490E1DC10}.Debug|Any CPU.ActiveCfg = Debug|Any CPU
		{3AB0F255-95C0-B9EE-275B-F9A490E1DC10}.Debug|Any CPU.Build.0 = Debug|Any CPU
		{3AB0F255-95C0-B9EE-275B-F9A490E1DC10}.Release|Any CPU.ActiveCfg = Release|Any CPU
		{3AB0F255-95C0-B9EE-275B-F9A490E1DC10}.Release|Any CPU.Build.0 = Release|Any CPU
		{949450AB-BC08-50CE-2854-B3FD255E6784}.Debug|Any CPU.ActiveCfg = Debug|Any CPU
		{949450AB-BC08-50CE-2854-B3FD255E6784}.Debug|Any CPU.Build.0 = Debug|Any CPU
		{949450AB-BC08-50CE-2854-B3FD255E6784}.Release|Any CPU.ActiveCfg = Release|Any CPU
		{949450AB-BC08-50CE-2854-B3FD255E6784}.Release|Any CPU.Build.0 = Release|Any CPU
		{1297B52E-B63E-E177-EA44-5EAD8A1C2769}.Debug|Any CPU.ActiveCfg = Debug|Any CPU
		{1297B52E-B63E-E177-EA44-5EAD8A1C2769}.Debug|Any CPU.Build.0 = Debug|Any CPU
		{1297B52E-B63E-E177-EA44-5EAD8A1C2769}.Release|Any CPU.ActiveCfg = Release|Any CPU
		{1297B52E-B63E-E177-EA44-5EAD8A1C2769}.Release|Any CPU.Build.0 = Release|Any CPU
		{270904C3-21E3-746D-68C9-F77AD6127A6A}.Debug|Any CPU.ActiveCfg = Debug|Any CPU
		{270904C3-21E3-746D-68C9-F77AD6127A6A}.Debug|Any CPU.Build.0 = Debug|Any CPU
		{270904C3-21E3-746D-68C9-F77AD6127A6A}.Release|Any CPU.ActiveCfg = Release|Any CPU
		{270904C3-21E3-746D-68C9-F77AD6127A6A}.Release|Any CPU.Build.0 = Release|Any CPU
		{17D17392-2353-88DB-9CAD-E5C805763165}.Debug|Any CPU.ActiveCfg = Debug|Any CPU
		{17D17392-2353-88DB-9CAD-E5C805763165}.Debug|Any CPU.Build.0 = Debug|Any CPU
		{17D17392-2353-88DB-9CAD-E5C805763165}.Release|Any CPU.ActiveCfg = Release|Any CPU
		{17D17392-2353-88DB-9CAD-E5C805763165}.Release|Any CPU.Build.0 = Release|Any CPU
		{002EB950-9C08-47F7-F636-A79FACD8B139}.Debug|Any CPU.ActiveCfg = Debug|Any CPU
		{002EB950-9C08-47F7-F636-A79FACD8B139}.Debug|Any CPU.Build.0 = Debug|Any CPU
		{002EB950-9C08-47F7-F636-A79FACD8B139}.Release|Any CPU.ActiveCfg = Release|Any CPU
		{002EB950-9C08-47F7-F636-A79FACD8B139}.Release|Any CPU.Build.0 = Release|Any CPU
		{CDD3B91A-8A05-AF3D-F529-B603FB352255}.Debug|Any CPU.ActiveCfg = Debug|Any CPU
		{CDD3B91A-8A05-AF3D-F529-B603FB352255}.Debug|Any CPU.Build.0 = Debug|Any CPU
		{CDD3B91A-8A05-AF3D-F529-B603FB352255}.Release|Any CPU.ActiveCfg = Release|Any CPU
		{CDD3B91A-8A05-AF3D-F529-B603FB352255}.Release|Any CPU.Build.0 = Release|Any CPU
		{09F4193C-9C48-3CF4-11D4-139EA17734F4}.Debug|Any CPU.ActiveCfg = Debug|Any CPU
		{09F4193C-9C48-3CF4-11D4-139EA17734F4}.Debug|Any CPU.Build.0 = Debug|Any CPU
		{09F4193C-9C48-3CF4-11D4-139EA17734F4}.Release|Any CPU.ActiveCfg = Release|Any CPU
		{09F4193C-9C48-3CF4-11D4-139EA17734F4}.Release|Any CPU.Build.0 = Release|Any CPU
		{8869DE98-D62F-B24E-83A1-A5B1449EFEE8}.Debug|Any CPU.ActiveCfg = Debug|Any CPU
		{8869DE98-D62F-B24E-83A1-A5B1449EFEE8}.Debug|Any CPU.Build.0 = Debug|Any CPU
		{8869DE98-D62F-B24E-83A1-A5B1449EFEE8}.Release|Any CPU.ActiveCfg = Release|Any CPU
		{8869DE98-D62F-B24E-83A1-A5B1449EFEE8}.Release|Any CPU.Build.0 = Release|Any CPU
		{E2960CDF-42E5-CA99-5844-59E54BBA6B29}.Debug|Any CPU.ActiveCfg = Debug|Any CPU
		{E2960CDF-42E5-CA99-5844-59E54BBA6B29}.Debug|Any CPU.Build.0 = Debug|Any CPU
		{E2960CDF-42E5-CA99-5844-59E54BBA6B29}.Release|Any CPU.ActiveCfg = Release|Any CPU
		{E2960CDF-42E5-CA99-5844-59E54BBA6B29}.Release|Any CPU.Build.0 = Release|Any CPU
		{35444A66-1EE7-967C-9099-E6610F6F8942}.Debug|Any CPU.ActiveCfg = Debug|Any CPU
		{35444A66-1EE7-967C-9099-E6610F6F8942}.Debug|Any CPU.Build.0 = Debug|Any CPU
		{35444A66-1EE7-967C-9099-E6610F6F8942}.Release|Any CPU.ActiveCfg = Release|Any CPU
		{35444A66-1EE7-967C-9099-E6610F6F8942}.Release|Any CPU.Build.0 = Release|Any CPU
		{7700983B-A2C6-C4A4-BE2F-8227BB200E95}.Debug|Any CPU.ActiveCfg = Debug|Any CPU
		{7700983B-A2C6-C4A4-BE2F-8227BB200E95}.Debug|Any CPU.Build.0 = Debug|Any CPU
		{7700983B-A2C6-C4A4-BE2F-8227BB200E95}.Release|Any CPU.ActiveCfg = Release|Any CPU
		{7700983B-A2C6-C4A4-BE2F-8227BB200E95}.Release|Any CPU.Build.0 = Release|Any CPU
		{D5919802-FB89-88B7-11CF-03B0D622F4A7}.Debug|Any CPU.ActiveCfg = Debug|Any CPU
		{D5919802-FB89-88B7-11CF-03B0D622F4A7}.Debug|Any CPU.Build.0 = Debug|Any CPU
		{D5919802-FB89-88B7-11CF-03B0D622F4A7}.Release|Any CPU.ActiveCfg = Release|Any CPU
		{D5919802-FB89-88B7-11CF-03B0D622F4A7}.Release|Any CPU.Build.0 = Release|Any CPU
		{BB672DAC-8E36-8774-B705-35FBB463D602}.Debug|Any CPU.ActiveCfg = Debug|Any CPU
		{BB672DAC-8E36-8774-B705-35FBB463D602}.Debug|Any CPU.Build.0 = Debug|Any CPU
		{BB672DAC-8E36-8774-B705-35FBB463D602}.Release|Any CPU.ActiveCfg = Release|Any CPU
		{BB672DAC-8E36-8774-B705-35FBB463D602}.Release|Any CPU.Build.0 = Release|Any CPU
		{B7BBA7AE-85C8-E403-F047-9CEDE6182994}.Debug|Any CPU.ActiveCfg = Debug|Any CPU
		{B7BBA7AE-85C8-E403-F047-9CEDE6182994}.Debug|Any CPU.Build.0 = Debug|Any CPU
		{B7BBA7AE-85C8-E403-F047-9CEDE6182994}.Release|Any CPU.ActiveCfg = Release|Any CPU
		{B7BBA7AE-85C8-E403-F047-9CEDE6182994}.Release|Any CPU.Build.0 = Release|Any CPU
		{1D05CAE0-C740-D2D2-123E-426C4F827AC8}.Debug|Any CPU.ActiveCfg = Debug|Any CPU
		{1D05CAE0-C740-D2D2-123E-426C4F827AC8}.Debug|Any CPU.Build.0 = Debug|Any CPU
		{1D05CAE0-C740-D2D2-123E-426C4F827AC8}.Release|Any CPU.ActiveCfg = Release|Any CPU
		{1D05CAE0-C740-D2D2-123E-426C4F827AC8}.Release|Any CPU.Build.0 = Release|Any CPU
		{A6A862A9-E727-D308-0FE4-DDE92220FC9D}.Debug|Any CPU.ActiveCfg = Debug|Any CPU
		{A6A862A9-E727-D308-0FE4-DDE92220FC9D}.Debug|Any CPU.Build.0 = Debug|Any CPU
		{A6A862A9-E727-D308-0FE4-DDE92220FC9D}.Release|Any CPU.ActiveCfg = Release|Any CPU
		{A6A862A9-E727-D308-0FE4-DDE92220FC9D}.Release|Any CPU.Build.0 = Release|Any CPU
		{5548160E-69E4-AC48-6941-B0CF5ED728A1}.Debug|Any CPU.ActiveCfg = Debug|Any CPU
		{5548160E-69E4-AC48-6941-B0CF5ED728A1}.Debug|Any CPU.Build.0 = Debug|Any CPU
		{5548160E-69E4-AC48-6941-B0CF5ED728A1}.Release|Any CPU.ActiveCfg = Release|Any CPU
		{5548160E-69E4-AC48-6941-B0CF5ED728A1}.Release|Any CPU.Build.0 = Release|Any CPU
		{E283BDF5-8963-C6EB-825C-B7CB4516D48E}.Debug|Any CPU.ActiveCfg = Debug|Any CPU
		{E283BDF5-8963-C6EB-825C-B7CB4516D48E}.Debug|Any CPU.Build.0 = Debug|Any CPU
		{E283BDF5-8963-C6EB-825C-B7CB4516D48E}.Release|Any CPU.ActiveCfg = Release|Any CPU
		{E283BDF5-8963-C6EB-825C-B7CB4516D48E}.Release|Any CPU.Build.0 = Release|Any CPU
		{0CA598D1-5E3F-C7C2-F139-95BCDA534D6B}.Debug|Any CPU.ActiveCfg = Debug|Any CPU
		{0CA598D1-5E3F-C7C2-F139-95BCDA534D6B}.Debug|Any CPU.Build.0 = Debug|Any CPU
		{0CA598D1-5E3F-C7C2-F139-95BCDA534D6B}.Release|Any CPU.ActiveCfg = Release|Any CPU
		{0CA598D1-5E3F-C7C2-F139-95BCDA534D6B}.Release|Any CPU.Build.0 = Release|Any CPU
		{9E4E11D8-EBD6-35E1-27F4-A6C99F8B876F}.Debug|Any CPU.ActiveCfg = Debug|Any CPU
		{9E4E11D8-EBD6-35E1-27F4-A6C99F8B876F}.Debug|Any CPU.Build.0 = Debug|Any CPU
		{9E4E11D8-EBD6-35E1-27F4-A6C99F8B876F}.Release|Any CPU.ActiveCfg = Release|Any CPU
		{9E4E11D8-EBD6-35E1-27F4-A6C99F8B876F}.Release|Any CPU.Build.0 = Release|Any CPU
		{942347E2-6889-A980-AD8B-90267D344B24}.Debug|Any CPU.ActiveCfg = Debug|Any CPU
		{942347E2-6889-A980-AD8B-90267D344B24}.Debug|Any CPU.Build.0 = Debug|Any CPU
		{942347E2-6889-A980-AD8B-90267D344B24}.Release|Any CPU.ActiveCfg = Release|Any CPU
		{942347E2-6889-A980-AD8B-90267D344B24}.Release|Any CPU.Build.0 = Release|Any CPU
		{18037BAF-C210-6404-3EA4-80A83DA277B5}.Debug|Any CPU.ActiveCfg = Debug|Any CPU
		{18037BAF-C210-6404-3EA4-80A83DA277B5}.Debug|Any CPU.Build.0 = Debug|Any CPU
		{18037BAF-C210-6404-3EA4-80A83DA277B5}.Release|Any CPU.ActiveCfg = Release|Any CPU
		{18037BAF-C210-6404-3EA4-80A83DA277B5}.Release|Any CPU.Build.0 = Release|Any CPU
		{2744C83D-7924-B951-4D7A-62A66CA6CA16}.Debug|Any CPU.ActiveCfg = Debug|Any CPU
		{2744C83D-7924-B951-4D7A-62A66CA6CA16}.Debug|Any CPU.Build.0 = Debug|Any CPU
		{2744C83D-7924-B951-4D7A-62A66CA6CA16}.Release|Any CPU.ActiveCfg = Release|Any CPU
		{2744C83D-7924-B951-4D7A-62A66CA6CA16}.Release|Any CPU.Build.0 = Release|Any CPU
		{7918CBBF-BF6F-5666-CFCA-36B1CA9EC561}.Debug|Any CPU.ActiveCfg = Debug|Any CPU
		{7918CBBF-BF6F-5666-CFCA-36B1CA9EC561}.Debug|Any CPU.Build.0 = Debug|Any CPU
		{7918CBBF-BF6F-5666-CFCA-36B1CA9EC561}.Release|Any CPU.ActiveCfg = Release|Any CPU
		{7918CBBF-BF6F-5666-CFCA-36B1CA9EC561}.Release|Any CPU.Build.0 = Release|Any CPU
		{BDBF33B2-DB9A-223C-ECC2-2E5926EE033D}.Debug|Any CPU.ActiveCfg = Debug|Any CPU
		{BDBF33B2-DB9A-223C-ECC2-2E5926EE033D}.Debug|Any CPU.Build.0 = Debug|Any CPU
		{BDBF33B2-DB9A-223C-ECC2-2E5926EE033D}.Release|Any CPU.ActiveCfg = Release|Any CPU
		{BDBF33B2-DB9A-223C-ECC2-2E5926EE033D}.Release|Any CPU.Build.0 = Release|Any CPU
		{F2B95C4C-3197-2758-B03F-75A5672ACF43}.Debug|Any CPU.ActiveCfg = Debug|Any CPU
		{F2B95C4C-3197-2758-B03F-75A5672ACF43}.Debug|Any CPU.Build.0 = Debug|Any CPU
		{F2B95C4C-3197-2758-B03F-75A5672ACF43}.Release|Any CPU.ActiveCfg = Release|Any CPU
		{F2B95C4C-3197-2758-B03F-75A5672ACF43}.Release|Any CPU.Build.0 = Release|Any CPU
		{4472FF9F-1F85-9A6E-7EF4-5A77EC052EA0}.Debug|Any CPU.ActiveCfg = Debug|Any CPU
		{4472FF9F-1F85-9A6E-7EF4-5A77EC052EA0}.Debug|Any CPU.Build.0 = Debug|Any CPU
		{4472FF9F-1F85-9A6E-7EF4-5A77EC052EA0}.Release|Any CPU.ActiveCfg = Release|Any CPU
		{4472FF9F-1F85-9A6E-7EF4-5A77EC052EA0}.Release|Any CPU.Build.0 = Release|Any CPU
		{63171708-A404-0CCD-4A2A-E482586C5040}.Debug|Any CPU.ActiveCfg = Debug|Any CPU
		{63171708-A404-0CCD-4A2A-E482586C5040}.Debug|Any CPU.Build.0 = Debug|Any CPU
		{63171708-A404-0CCD-4A2A-E482586C5040}.Release|Any CPU.ActiveCfg = Release|Any CPU
		{63171708-A404-0CCD-4A2A-E482586C5040}.Release|Any CPU.Build.0 = Release|Any CPU
		{C9D6147B-3BE3-01F9-418B-A49E732C4902}.Debug|Any CPU.ActiveCfg = Debug|Any CPU
		{C9D6147B-3BE3-01F9-418B-A49E732C4902}.Debug|Any CPU.Build.0 = Debug|Any CPU
		{C9D6147B-3BE3-01F9-418B-A49E732C4902}.Release|Any CPU.ActiveCfg = Release|Any CPU
		{C9D6147B-3BE3-01F9-418B-A49E732C4902}.Release|Any CPU.Build.0 = Release|Any CPU
		{406E0BBE-F378-E16D-E25E-54AD6DB686F3}.Debug|Any CPU.ActiveCfg = Debug|Any CPU
		{406E0BBE-F378-E16D-E25E-54AD6DB686F3}.Debug|Any CPU.Build.0 = Debug|Any CPU
		{406E0BBE-F378-E16D-E25E-54AD6DB686F3}.Release|Any CPU.ActiveCfg = Release|Any CPU
		{406E0BBE-F378-E16D-E25E-54AD6DB686F3}.Release|Any CPU.Build.0 = Release|Any CPU
		{D9B9B01B-D0F5-2DEF-131B-86C9455E4C87}.Debug|Any CPU.ActiveCfg = Debug|Any CPU
		{D9B9B01B-D0F5-2DEF-131B-86C9455E4C87}.Debug|Any CPU.Build.0 = Debug|Any CPU
		{D9B9B01B-D0F5-2DEF-131B-86C9455E4C87}.Release|Any CPU.ActiveCfg = Release|Any CPU
		{D9B9B01B-D0F5-2DEF-131B-86C9455E4C87}.Release|Any CPU.Build.0 = Release|Any CPU
		{70BAE3DA-1558-74D0-9EBE-CED5A64B9ACD}.Debug|Any CPU.ActiveCfg = Debug|Any CPU
		{70BAE3DA-1558-74D0-9EBE-CED5A64B9ACD}.Debug|Any CPU.Build.0 = Debug|Any CPU
		{70BAE3DA-1558-74D0-9EBE-CED5A64B9ACD}.Release|Any CPU.ActiveCfg = Release|Any CPU
		{70BAE3DA-1558-74D0-9EBE-CED5A64B9ACD}.Release|Any CPU.Build.0 = Release|Any CPU
		{AFA21DE3-76DA-BEC4-1F9A-08E21C085916}.Debug|Any CPU.ActiveCfg = Debug|Any CPU
		{AFA21DE3-76DA-BEC4-1F9A-08E21C085916}.Debug|Any CPU.Build.0 = Debug|Any CPU
		{AFA21DE3-76DA-BEC4-1F9A-08E21C085916}.Release|Any CPU.ActiveCfg = Release|Any CPU
		{AFA21DE3-76DA-BEC4-1F9A-08E21C085916}.Release|Any CPU.Build.0 = Release|Any CPU
		{C1302845-C588-04C4-D0A9-64951C4AEB81}.Debug|Any CPU.ActiveCfg = Debug|Any CPU
		{C1302845-C588-04C4-D0A9-64951C4AEB81}.Debug|Any CPU.Build.0 = Debug|Any CPU
		{C1302845-C588-04C4-D0A9-64951C4AEB81}.Release|Any CPU.ActiveCfg = Release|Any CPU
		{C1302845-C588-04C4-D0A9-64951C4AEB81}.Release|Any CPU.Build.0 = Release|Any CPU
		{E70046A9-693D-339E-517D-198D45AC9F36}.Debug|Any CPU.ActiveCfg = Debug|Any CPU
		{E70046A9-693D-339E-517D-198D45AC9F36}.Debug|Any CPU.Build.0 = Debug|Any CPU
		{E70046A9-693D-339E-517D-198D45AC9F36}.Release|Any CPU.ActiveCfg = Release|Any CPU
		{E70046A9-693D-339E-517D-198D45AC9F36}.Release|Any CPU.Build.0 = Release|Any CPU
		{A215ED76-F006-92C5-F8C1-5C190F2FA9B6}.Debug|Any CPU.ActiveCfg = Debug|Any CPU
		{A215ED76-F006-92C5-F8C1-5C190F2FA9B6}.Debug|Any CPU.Build.0 = Debug|Any CPU
		{A215ED76-F006-92C5-F8C1-5C190F2FA9B6}.Release|Any CPU.ActiveCfg = Release|Any CPU
		{A215ED76-F006-92C5-F8C1-5C190F2FA9B6}.Release|Any CPU.Build.0 = Release|Any CPU
		{5CD0ED19-697A-1E68-49FC-84DDB7598B5A}.Debug|Any CPU.ActiveCfg = Debug|Any CPU
		{5CD0ED19-697A-1E68-49FC-84DDB7598B5A}.Debug|Any CPU.Build.0 = Debug|Any CPU
		{5CD0ED19-697A-1E68-49FC-84DDB7598B5A}.Release|Any CPU.ActiveCfg = Release|Any CPU
		{5CD0ED19-697A-1E68-49FC-84DDB7598B5A}.Release|Any CPU.Build.0 = Release|Any CPU
		{561AE1B6-8D88-6F36-0C86-69B1537FD60B}.Debug|Any CPU.ActiveCfg = Debug|Any CPU
		{561AE1B6-8D88-6F36-0C86-69B1537FD60B}.Debug|Any CPU.Build.0 = Debug|Any CPU
		{561AE1B6-8D88-6F36-0C86-69B1537FD60B}.Release|Any CPU.ActiveCfg = Release|Any CPU
		{561AE1B6-8D88-6F36-0C86-69B1537FD60B}.Release|Any CPU.Build.0 = Release|Any CPU
		{F0739D6E-4893-CF2A-5345-02A1BF1DCD20}.Debug|Any CPU.ActiveCfg = Debug|Any CPU
		{F0739D6E-4893-CF2A-5345-02A1BF1DCD20}.Debug|Any CPU.Build.0 = Debug|Any CPU
		{F0739D6E-4893-CF2A-5345-02A1BF1DCD20}.Release|Any CPU.ActiveCfg = Release|Any CPU
		{F0739D6E-4893-CF2A-5345-02A1BF1DCD20}.Release|Any CPU.Build.0 = Release|Any CPU
		{285EBDFA-346D-0952-FB1A-A60EA1240E4A}.Debug|Any CPU.ActiveCfg = Debug|Any CPU
		{285EBDFA-346D-0952-FB1A-A60EA1240E4A}.Debug|Any CPU.Build.0 = Debug|Any CPU
		{285EBDFA-346D-0952-FB1A-A60EA1240E4A}.Release|Any CPU.ActiveCfg = Release|Any CPU
		{285EBDFA-346D-0952-FB1A-A60EA1240E4A}.Release|Any CPU.Build.0 = Release|Any CPU
		{677A4E45-0740-273B-4FF5-3AF9863AE297}.Debug|Any CPU.ActiveCfg = Debug|Any CPU
		{677A4E45-0740-273B-4FF5-3AF9863AE297}.Debug|Any CPU.Build.0 = Debug|Any CPU
		{677A4E45-0740-273B-4FF5-3AF9863AE297}.Release|Any CPU.ActiveCfg = Release|Any CPU
		{677A4E45-0740-273B-4FF5-3AF9863AE297}.Release|Any CPU.Build.0 = Release|Any CPU
		{577034F2-41CE-23AB-BEC5-D41E90DB42DA}.Debug|Any CPU.ActiveCfg = Debug|Any CPU
		{577034F2-41CE-23AB-BEC5-D41E90DB42DA}.Debug|Any CPU.Build.0 = Debug|Any CPU
		{577034F2-41CE-23AB-BEC5-D41E90DB42DA}.Release|Any CPU.ActiveCfg = Release|Any CPU
		{577034F2-41CE-23AB-BEC5-D41E90DB42DA}.Release|Any CPU.Build.0 = Release|Any CPU
		{A043C58B-7AB6-63B4-FF96-3908D9D9464E}.Debug|Any CPU.ActiveCfg = Debug|Any CPU
		{A043C58B-7AB6-63B4-FF96-3908D9D9464E}.Debug|Any CPU.Build.0 = Debug|Any CPU
		{A043C58B-7AB6-63B4-FF96-3908D9D9464E}.Release|Any CPU.ActiveCfg = Release|Any CPU
		{A043C58B-7AB6-63B4-FF96-3908D9D9464E}.Release|Any CPU.Build.0 = Release|Any CPU
		{8CBF5465-3AE3-984C-CFE2-0A5A23B4C10A}.Debug|Any CPU.ActiveCfg = Debug|Any CPU
		{8CBF5465-3AE3-984C-CFE2-0A5A23B4C10A}.Debug|Any CPU.Build.0 = Debug|Any CPU
		{8CBF5465-3AE3-984C-CFE2-0A5A23B4C10A}.Release|Any CPU.ActiveCfg = Release|Any CPU
		{8CBF5465-3AE3-984C-CFE2-0A5A23B4C10A}.Release|Any CPU.Build.0 = Release|Any CPU
		{DB378862-F2B8-2AB4-446C-847E2FB2548F}.Debug|Any CPU.ActiveCfg = Debug|Any CPU
		{DB378862-F2B8-2AB4-446C-847E2FB2548F}.Debug|Any CPU.Build.0 = Debug|Any CPU
		{DB378862-F2B8-2AB4-446C-847E2FB2548F}.Release|Any CPU.ActiveCfg = Release|Any CPU
		{DB378862-F2B8-2AB4-446C-847E2FB2548F}.Release|Any CPU.Build.0 = Release|Any CPU
		{B0E0497A-6E02-32FD-4668-87097BC0D68F}.Debug|Any CPU.ActiveCfg = Debug|Any CPU
		{B0E0497A-6E02-32FD-4668-87097BC0D68F}.Debug|Any CPU.Build.0 = Debug|Any CPU
		{B0E0497A-6E02-32FD-4668-87097BC0D68F}.Release|Any CPU.ActiveCfg = Release|Any CPU
		{B0E0497A-6E02-32FD-4668-87097BC0D68F}.Release|Any CPU.Build.0 = Release|Any CPU
		{AEF2764F-3DDB-12EA-BB39-B34FBB26C836}.Debug|Any CPU.ActiveCfg = Debug|Any CPU
		{AEF2764F-3DDB-12EA-BB39-B34FBB26C836}.Debug|Any CPU.Build.0 = Debug|Any CPU
		{AEF2764F-3DDB-12EA-BB39-B34FBB26C836}.Release|Any CPU.ActiveCfg = Release|Any CPU
		{AEF2764F-3DDB-12EA-BB39-B34FBB26C836}.Release|Any CPU.Build.0 = Release|Any CPU
		{DD6D2741-5584-D976-E7F6-C33E97E3E460}.Debug|Any CPU.ActiveCfg = Debug|Any CPU
		{DD6D2741-5584-D976-E7F6-C33E97E3E460}.Debug|Any CPU.Build.0 = Debug|Any CPU
		{DD6D2741-5584-D976-E7F6-C33E97E3E460}.Release|Any CPU.ActiveCfg = Release|Any CPU
		{DD6D2741-5584-D976-E7F6-C33E97E3E460}.Release|Any CPU.Build.0 = Release|Any CPU
		{69F8045A-6F54-3093-8726-4D2751C540B9}.Debug|Any CPU.ActiveCfg = Debug|Any CPU
		{69F8045A-6F54-3093-8726-4D2751C540B9}.Debug|Any CPU.Build.0 = Debug|Any CPU
		{69F8045A-6F54-3093-8726-4D2751C540B9}.Release|Any CPU.ActiveCfg = Release|Any CPU
		{69F8045A-6F54-3093-8726-4D2751C540B9}.Release|Any CPU.Build.0 = Release|Any CPU
		{E1DB633A-1622-FBC5-898A-2227E58012B4}.Debug|Any CPU.ActiveCfg = Debug|Any CPU
		{E1DB633A-1622-FBC5-898A-2227E58012B4}.Debug|Any CPU.Build.0 = Debug|Any CPU
		{E1DB633A-1622-FBC5-898A-2227E58012B4}.Release|Any CPU.ActiveCfg = Release|Any CPU
		{E1DB633A-1622-FBC5-898A-2227E58012B4}.Release|Any CPU.Build.0 = Release|Any CPU
		{69C17408-40FD-945A-2E0D-0C1EE69E081A}.Debug|Any CPU.ActiveCfg = Debug|Any CPU
		{69C17408-40FD-945A-2E0D-0C1EE69E081A}.Debug|Any CPU.Build.0 = Debug|Any CPU
		{69C17408-40FD-945A-2E0D-0C1EE69E081A}.Release|Any CPU.ActiveCfg = Release|Any CPU
		{69C17408-40FD-945A-2E0D-0C1EE69E081A}.Release|Any CPU.Build.0 = Release|Any CPU
		{4BCCAD2C-3BFF-4047-EEF8-A6AD73EA36BE}.Debug|Any CPU.ActiveCfg = Debug|Any CPU
		{4BCCAD2C-3BFF-4047-EEF8-A6AD73EA36BE}.Debug|Any CPU.Build.0 = Debug|Any CPU
		{4BCCAD2C-3BFF-4047-EEF8-A6AD73EA36BE}.Release|Any CPU.ActiveCfg = Release|Any CPU
		{4BCCAD2C-3BFF-4047-EEF8-A6AD73EA36BE}.Release|Any CPU.Build.0 = Release|Any CPU
		{81AF7262-017C-A0B8-D56C-22AA2B2C782F}.Debug|Any CPU.ActiveCfg = Debug|Any CPU
		{81AF7262-017C-A0B8-D56C-22AA2B2C782F}.Debug|Any CPU.Build.0 = Debug|Any CPU
		{81AF7262-017C-A0B8-D56C-22AA2B2C782F}.Release|Any CPU.ActiveCfg = Release|Any CPU
		{81AF7262-017C-A0B8-D56C-22AA2B2C782F}.Release|Any CPU.Build.0 = Release|Any CPU
		{30488BE0-3855-9845-EEE1-78CA3C3F3C5E}.Debug|Any CPU.ActiveCfg = Debug|Any CPU
		{30488BE0-3855-9845-EEE1-78CA3C3F3C5E}.Debug|Any CPU.Build.0 = Debug|Any CPU
		{30488BE0-3855-9845-EEE1-78CA3C3F3C5E}.Release|Any CPU.ActiveCfg = Release|Any CPU
		{30488BE0-3855-9845-EEE1-78CA3C3F3C5E}.Release|Any CPU.Build.0 = Release|Any CPU
		{56599C70-DD01-4CB0-2627-E8B709CB7F22}.Debug|Any CPU.ActiveCfg = Debug|Any CPU
		{56599C70-DD01-4CB0-2627-E8B709CB7F22}.Debug|Any CPU.Build.0 = Debug|Any CPU
		{56599C70-DD01-4CB0-2627-E8B709CB7F22}.Release|Any CPU.ActiveCfg = Release|Any CPU
		{56599C70-DD01-4CB0-2627-E8B709CB7F22}.Release|Any CPU.Build.0 = Release|Any CPU
		{47E6566F-8971-CBCC-49A1-A0E718E27D4A}.Debug|Any CPU.ActiveCfg = Debug|Any CPU
		{47E6566F-8971-CBCC-49A1-A0E718E27D4A}.Debug|Any CPU.Build.0 = Debug|Any CPU
		{47E6566F-8971-CBCC-49A1-A0E718E27D4A}.Release|Any CPU.ActiveCfg = Release|Any CPU
		{47E6566F-8971-CBCC-49A1-A0E718E27D4A}.Release|Any CPU.Build.0 = Release|Any CPU
		{DA934771-2B9B-46E1-4ABD-4D8320B4D033}.Debug|Any CPU.ActiveCfg = Debug|Any CPU
		{DA934771-2B9B-46E1-4ABD-4D8320B4D033}.Debug|Any CPU.Build.0 = Debug|Any CPU
		{DA934771-2B9B-46E1-4ABD-4D8320B4D033}.Release|Any CPU.ActiveCfg = Release|Any CPU
		{DA934771-2B9B-46E1-4ABD-4D8320B4D033}.Release|Any CPU.Build.0 = Release|Any CPU
		{4461D3DC-879A-8164-2094-00D1BDB2EFD9}.Debug|Any CPU.ActiveCfg = Debug|Any CPU
		{4461D3DC-879A-8164-2094-00D1BDB2EFD9}.Debug|Any CPU.Build.0 = Debug|Any CPU
		{4461D3DC-879A-8164-2094-00D1BDB2EFD9}.Release|Any CPU.ActiveCfg = Release|Any CPU
		{4461D3DC-879A-8164-2094-00D1BDB2EFD9}.Release|Any CPU.Build.0 = Release|Any CPU
		{A9AF683D-2D5A-D89F-F119-AF0F2FFA2E0C}.Debug|Any CPU.ActiveCfg = Debug|Any CPU
		{A9AF683D-2D5A-D89F-F119-AF0F2FFA2E0C}.Debug|Any CPU.Build.0 = Debug|Any CPU
		{A9AF683D-2D5A-D89F-F119-AF0F2FFA2E0C}.Release|Any CPU.ActiveCfg = Release|Any CPU
		{A9AF683D-2D5A-D89F-F119-AF0F2FFA2E0C}.Release|Any CPU.Build.0 = Release|Any CPU
		{38C915F5-E1F6-9174-65DD-E0E887411364}.Debug|Any CPU.ActiveCfg = Debug|Any CPU
		{38C915F5-E1F6-9174-65DD-E0E887411364}.Debug|Any CPU.Build.0 = Debug|Any CPU
		{38C915F5-E1F6-9174-65DD-E0E887411364}.Release|Any CPU.ActiveCfg = Release|Any CPU
		{38C915F5-E1F6-9174-65DD-E0E887411364}.Release|Any CPU.Build.0 = Release|Any CPU
		{746009DD-0358-757D-5E6D-5B4581C708D0}.Debug|Any CPU.ActiveCfg = Debug|Any CPU
		{746009DD-0358-757D-5E6D-5B4581C708D0}.Debug|Any CPU.Build.0 = Debug|Any CPU
		{746009DD-0358-757D-5E6D-5B4581C708D0}.Release|Any CPU.ActiveCfg = Release|Any CPU
		{746009DD-0358-757D-5E6D-5B4581C708D0}.Release|Any CPU.Build.0 = Release|Any CPU
		{71680331-AB26-85F8-EB34-99F1E50DD295}.Debug|Any CPU.ActiveCfg = Debug|Any CPU
		{71680331-AB26-85F8-EB34-99F1E50DD295}.Debug|Any CPU.Build.0 = Debug|Any CPU
		{71680331-AB26-85F8-EB34-99F1E50DD295}.Release|Any CPU.ActiveCfg = Release|Any CPU
		{71680331-AB26-85F8-EB34-99F1E50DD295}.Release|Any CPU.Build.0 = Release|Any CPU
		{AB95258D-0645-42EC-384D-CBF6C2BFB042}.Debug|Any CPU.ActiveCfg = Debug|Any CPU
		{AB95258D-0645-42EC-384D-CBF6C2BFB042}.Debug|Any CPU.Build.0 = Debug|Any CPU
		{AB95258D-0645-42EC-384D-CBF6C2BFB042}.Release|Any CPU.ActiveCfg = Release|Any CPU
		{AB95258D-0645-42EC-384D-CBF6C2BFB042}.Release|Any CPU.Build.0 = Release|Any CPU
		{FD966E36-F64D-5C76-3590-4B21FADA952A}.Debug|Any CPU.ActiveCfg = Debug|Any CPU
		{FD966E36-F64D-5C76-3590-4B21FADA952A}.Debug|Any CPU.Build.0 = Debug|Any CPU
		{FD966E36-F64D-5C76-3590-4B21FADA952A}.Release|Any CPU.ActiveCfg = Release|Any CPU
		{FD966E36-F64D-5C76-3590-4B21FADA952A}.Release|Any CPU.Build.0 = Release|Any CPU
		{1ACB61C9-915B-F687-64D2-EB075FD8DA25}.Debug|Any CPU.ActiveCfg = Debug|Any CPU
		{1ACB61C9-915B-F687-64D2-EB075FD8DA25}.Debug|Any CPU.Build.0 = Debug|Any CPU
		{1ACB61C9-915B-F687-64D2-EB075FD8DA25}.Release|Any CPU.ActiveCfg = Release|Any CPU
		{1ACB61C9-915B-F687-64D2-EB075FD8DA25}.Release|Any CPU.Build.0 = Release|Any CPU
		{66AFE2D9-2F2B-9CDA-FF33-36963F5946FA}.Debug|Any CPU.ActiveCfg = Debug|Any CPU
		{66AFE2D9-2F2B-9CDA-FF33-36963F5946FA}.Debug|Any CPU.Build.0 = Debug|Any CPU
		{66AFE2D9-2F2B-9CDA-FF33-36963F5946FA}.Release|Any CPU.ActiveCfg = Release|Any CPU
		{66AFE2D9-2F2B-9CDA-FF33-36963F5946FA}.Release|Any CPU.Build.0 = Release|Any CPU
		{2BEFB4E6-272B-E3AF-D8C9-2D7F9C2ED599}.Debug|Any CPU.ActiveCfg = Debug|Any CPU
		{2BEFB4E6-272B-E3AF-D8C9-2D7F9C2ED599}.Debug|Any CPU.Build.0 = Debug|Any CPU
		{2BEFB4E6-272B-E3AF-D8C9-2D7F9C2ED599}.Release|Any CPU.ActiveCfg = Release|Any CPU
		{2BEFB4E6-272B-E3AF-D8C9-2D7F9C2ED599}.Release|Any CPU.Build.0 = Release|Any CPU
		{7F7F3199-48BA-DC30-78CD-B7F05D87F070}.Debug|Any CPU.ActiveCfg = Debug|Any CPU
		{7F7F3199-48BA-DC30-78CD-B7F05D87F070}.Debug|Any CPU.Build.0 = Debug|Any CPU
		{7F7F3199-48BA-DC30-78CD-B7F05D87F070}.Release|Any CPU.ActiveCfg = Release|Any CPU
		{7F7F3199-48BA-DC30-78CD-B7F05D87F070}.Release|Any CPU.Build.0 = Release|Any CPU
		{6A42A9DF-034D-4AA3-AF84-215AB1463874}.Debug|Any CPU.ActiveCfg = Debug|Any CPU
		{6A42A9DF-034D-4AA3-AF84-215AB1463874}.Debug|Any CPU.Build.0 = Debug|Any CPU
		{6A42A9DF-034D-4AA3-AF84-215AB1463874}.Release|Any CPU.ActiveCfg = Release|Any CPU
		{6A42A9DF-034D-4AA3-AF84-215AB1463874}.Release|Any CPU.Build.0 = Release|Any CPU
		{EE44AB93-EC24-EA87-AD0C-FD1204144332}.Debug|Any CPU.ActiveCfg = Debug|Any CPU
		{EE44AB93-EC24-EA87-AD0C-FD1204144332}.Debug|Any CPU.Build.0 = Debug|Any CPU
		{EE44AB93-EC24-EA87-AD0C-FD1204144332}.Release|Any CPU.ActiveCfg = Release|Any CPU
		{EE44AB93-EC24-EA87-AD0C-FD1204144332}.Release|Any CPU.Build.0 = Release|Any CPU
		{A4AC9278-C78F-0350-90F3-DA4D3F47203E}.Debug|Any CPU.ActiveCfg = Debug|Any CPU
		{A4AC9278-C78F-0350-90F3-DA4D3F47203E}.Debug|Any CPU.Build.0 = Debug|Any CPU
		{A4AC9278-C78F-0350-90F3-DA4D3F47203E}.Release|Any CPU.ActiveCfg = Release|Any CPU
		{A4AC9278-C78F-0350-90F3-DA4D3F47203E}.Release|Any CPU.Build.0 = Release|Any CPU
		{3BCB626C-D5D4-FD26-7767-F60FC0D1220C}.Debug|Any CPU.ActiveCfg = Debug|Any CPU
		{3BCB626C-D5D4-FD26-7767-F60FC0D1220C}.Debug|Any CPU.Build.0 = Debug|Any CPU
		{3BCB626C-D5D4-FD26-7767-F60FC0D1220C}.Release|Any CPU.ActiveCfg = Release|Any CPU
		{3BCB626C-D5D4-FD26-7767-F60FC0D1220C}.Release|Any CPU.Build.0 = Release|Any CPU
		{30F65DB0-F121-3ACB-4A7F-7DE369487F43}.Debug|Any CPU.ActiveCfg = Debug|Any CPU
		{30F65DB0-F121-3ACB-4A7F-7DE369487F43}.Debug|Any CPU.Build.0 = Debug|Any CPU
		{30F65DB0-F121-3ACB-4A7F-7DE369487F43}.Release|Any CPU.ActiveCfg = Release|Any CPU
		{30F65DB0-F121-3ACB-4A7F-7DE369487F43}.Release|Any CPU.Build.0 = Release|Any CPU
		{7BBA38EE-5B0C-033E-21D8-7519D4AF2DB2}.Debug|Any CPU.ActiveCfg = Debug|Any CPU
		{7BBA38EE-5B0C-033E-21D8-7519D4AF2DB2}.Debug|Any CPU.Build.0 = Debug|Any CPU
		{7BBA38EE-5B0C-033E-21D8-7519D4AF2DB2}.Release|Any CPU.ActiveCfg = Release|Any CPU
		{7BBA38EE-5B0C-033E-21D8-7519D4AF2DB2}.Release|Any CPU.Build.0 = Release|Any CPU
		{EC847F23-A9ED-4BBC-5547-5C9DE02CB5C1}.Debug|Any CPU.ActiveCfg = Debug|Any CPU
		{EC847F23-A9ED-4BBC-5547-5C9DE02CB5C1}.Debug|Any CPU.Build.0 = Debug|Any CPU
		{EC847F23-A9ED-4BBC-5547-5C9DE02CB5C1}.Release|Any CPU.ActiveCfg = Release|Any CPU
		{EC847F23-A9ED-4BBC-5547-5C9DE02CB5C1}.Release|Any CPU.Build.0 = Release|Any CPU
		{5D4D528E-01F9-5B13-E259-E6C597E01F48}.Debug|Any CPU.ActiveCfg = Debug|Any CPU
		{5D4D528E-01F9-5B13-E259-E6C597E01F48}.Debug|Any CPU.Build.0 = Debug|Any CPU
		{5D4D528E-01F9-5B13-E259-E6C597E01F48}.Release|Any CPU.ActiveCfg = Release|Any CPU
		{5D4D528E-01F9-5B13-E259-E6C597E01F48}.Release|Any CPU.Build.0 = Release|Any CPU
		{EF70B993-819D-2E3D-1D88-84739C24D15F}.Debug|Any CPU.ActiveCfg = Debug|Any CPU
		{EF70B993-819D-2E3D-1D88-84739C24D15F}.Debug|Any CPU.Build.0 = Debug|Any CPU
		{EF70B993-819D-2E3D-1D88-84739C24D15F}.Release|Any CPU.ActiveCfg = Release|Any CPU
		{EF70B993-819D-2E3D-1D88-84739C24D15F}.Release|Any CPU.Build.0 = Release|Any CPU
		{423D70AA-6AE0-72B5-8DAF-B7598DCA86C2}.Debug|Any CPU.ActiveCfg = Debug|Any CPU
		{423D70AA-6AE0-72B5-8DAF-B7598DCA86C2}.Debug|Any CPU.Build.0 = Debug|Any CPU
		{423D70AA-6AE0-72B5-8DAF-B7598DCA86C2}.Release|Any CPU.ActiveCfg = Release|Any CPU
		{423D70AA-6AE0-72B5-8DAF-B7598DCA86C2}.Release|Any CPU.Build.0 = Release|Any CPU
		{7546C61F-C82F-9AB4-7676-C0A336493256}.Debug|Any CPU.ActiveCfg = Debug|Any CPU
		{7546C61F-C82F-9AB4-7676-C0A336493256}.Debug|Any CPU.Build.0 = Debug|Any CPU
		{7546C61F-C82F-9AB4-7676-C0A336493256}.Release|Any CPU.ActiveCfg = Release|Any CPU
		{7546C61F-C82F-9AB4-7676-C0A336493256}.Release|Any CPU.Build.0 = Release|Any CPU
		{EB610301-6376-4B24-AE2E-E34ED5CA9E25}.Debug|Any CPU.ActiveCfg = Debug|Any CPU
		{EB610301-6376-4B24-AE2E-E34ED5CA9E25}.Debug|Any CPU.Build.0 = Debug|Any CPU
		{EB610301-6376-4B24-AE2E-E34ED5CA9E25}.Release|Any CPU.ActiveCfg = Release|Any CPU
		{EB610301-6376-4B24-AE2E-E34ED5CA9E25}.Release|Any CPU.Build.0 = Release|Any CPU
		{E6D868DA-8118-1207-37FB-FADB5660DBAD}.Debug|Any CPU.ActiveCfg = Debug|Any CPU
		{E6D868DA-8118-1207-37FB-FADB5660DBAD}.Debug|Any CPU.Build.0 = Debug|Any CPU
		{E6D868DA-8118-1207-37FB-FADB5660DBAD}.Release|Any CPU.ActiveCfg = Release|Any CPU
		{E6D868DA-8118-1207-37FB-FADB5660DBAD}.Release|Any CPU.Build.0 = Release|Any CPU
	EndGlobalSection
	GlobalSection(SolutionProperties) = preSolution
		HideSolutionNode = FALSE
	EndGlobalSection
EndGlobal
